
Microsoft Visual Studio Solution File, Format Version 12.00
# Visual Studio Version 17
VisualStudioVersion = 17.14.36202.13 d17.14
MinimumVisualStudioVersion = 10.0.40219.1
Project("{FAE04EC0-301F-11D3-BF4B-00C04F79EFBC}") = "ContextGraph.Api", "ContextGraph.Api\ContextGraph.Api.csproj", "{54C2D3D6-A8CA-4C83-ADAB-00085AFD608C}"
EndProject
Global
	GlobalSection(SolutionConfigurationPlatforms) = preSolution
		Debug|Any CPU = Debug|Any CPU
		Release|Any CPU = Release|Any CPU
	EndGlobalSection
	GlobalSection(ProjectConfigurationPlatforms) = postSolution
		{54C2D3D6-A8CA-4C83-ADAB-00085AFD608C}.Debug|Any CPU.ActiveCfg = Debug|Any CPU
		{54C2D3D6-A8CA-4C83-ADAB-00085AFD608C}.Debug|Any CPU.Build.0 = Debug|Any CPU
		{54C2D3D6-A8CA-4C83-ADAB-00085AFD608C}.Release|Any CPU.ActiveCfg = Release|Any CPU
		{54C2D3D6-A8CA-4C83-ADAB-00085AFD608C}.Release|Any CPU.Build.0 = Release|Any CPU
	EndGlobalSection
	GlobalSection(SolutionProperties) = preSolution
		HideSolutionNode = FALSE
	EndGlobalSection
	GlobalSection(ExtensibilityGlobals) = postSolution
		SolutionGuid = {7CC5A1B3-9CF5-4EC5-A3D1-AF2B0CF425B3}
	EndGlobalSection
EndGlobal
